
Microsoft Visual Studio Solution File, Format Version 12.00
# Visual Studio Version 17
VisualStudioVersion = 17.13.35818.85 d17.13
MinimumVisualStudioVersion = 10.0.40219.1
Project("{FAE04EC0-301F-11D3-BF4B-00C04F79EFBC}") = "01_Intro", "01_Intro\01_Intro.csproj", "{74B30D1B-D6FE-4780-ADF4-48F88D96F4F9}"
EndProject
Project("{FAE04EC0-301F-11D3-BF4B-00C04F79EFBC}") = "02_Operatorler", "02_Operatorler\02_Operatorler.csproj", "{01152A84-C884-4C89-A829-46FF2C12D743}"
EndProject
Project("{FAE04EC0-301F-11D3-BF4B-00C04F79EFBC}") = "03_Donusturmeler", "03_Donusturmeler\03_Donusturmeler.csproj", "{DA6FDF65-002E-4E83-8727-4B117DFA9CA7}"
EndProject
Project("{FAE04EC0-301F-11D3-BF4B-00C04F79EFBC}") = "04_KullaniciIslemleri", "04_KullaniciIslemleri\04_KullaniciIslemleri.csproj", "{0749487D-E2DA-4918-A2DF-5BEB533E55C7}"
EndProject
Project("{FAE04EC0-301F-11D3-BF4B-00C04F79EFBC}") = "05_KosulluIfadeler", "05_KosulluIfadeler\05_KosulluIfadeler.csproj", "{C5320EF6-BA8A-491D-A76D-20A3397E0907}"
EndProject
Global
	GlobalSection(SolutionConfigurationPlatforms) = preSolution
		Debug|Any CPU = Debug|Any CPU
		Release|Any CPU = Release|Any CPU
	EndGlobalSection
	GlobalSection(ProjectConfigurationPlatforms) = postSolution
		{74B30D1B-D6FE-4780-ADF4-48F88D96F4F9}.Debug|Any CPU.ActiveCfg = Debug|Any CPU
		{74B30D1B-D6FE-4780-ADF4-48F88D96F4F9}.Debug|Any CPU.Build.0 = Debug|Any CPU
		{74B30D1B-D6FE-4780-ADF4-48F88D96F4F9}.Release|Any CPU.ActiveCfg = Release|Any CPU
		{74B30D1B-D6FE-4780-ADF4-48F88D96F4F9}.Release|Any CPU.Build.0 = Release|Any CPU
		{01152A84-C884-4C89-A829-46FF2C12D743}.Debug|Any CPU.ActiveCfg = Debug|Any CPU
		{01152A84-C884-4C89-A829-46FF2C12D743}.Debug|Any CPU.Build.0 = Debug|Any CPU
		{01152A84-C884-4C89-A829-46FF2C12D743}.Release|Any CPU.ActiveCfg = Release|Any CPU
		{01152A84-C884-4C89-A829-46FF2C12D743}.Release|Any CPU.Build.0 = Release|Any CPU
		{DA6FDF65-002E-4E83-8727-4B117DFA9CA7}.Debug|Any CPU.ActiveCfg = Debug|Any CPU
		{DA6FDF65-002E-4E83-8727-4B117DFA9CA7}.Debug|Any CPU.Build.0 = Debug|Any CPU
		{DA6FDF65-002E-4E83-8727-4B117DFA9CA7}.Release|Any CPU.ActiveCfg = Release|Any CPU
		{DA6FDF65-002E-4E83-8727-4B117DFA9CA7}.Release|Any CPU.Build.0 = Release|Any CPU
		{0749487D-E2DA-4918-A2DF-5BEB533E55C7}.Debug|Any CPU.ActiveCfg = Debug|Any CPU
		{0749487D-E2DA-4918-A2DF-5BEB533E55C7}.Debug|Any CPU.Build.0 = Debug|Any CPU
		{0749487D-E2DA-4918-A2DF-5BEB533E55C7}.Release|Any CPU.ActiveCfg = Release|Any CPU
		{0749487D-E2DA-4918-A2DF-5BEB533E55C7}.Release|Any CPU.Build.0 = Release|Any CPU
		{C5320EF6-BA8A-491D-A76D-20A3397E0907}.Debug|Any CPU.ActiveCfg = Debug|Any CPU
		{C5320EF6-BA8A-491D-A76D-20A3397E0907}.Debug|Any CPU.Build.0 = Debug|Any CPU
		{C5320EF6-BA8A-491D-A76D-20A3397E0907}.Release|Any CPU.ActiveCfg = Release|Any CPU
		{C5320EF6-BA8A-491D-A76D-20A3397E0907}.Release|Any CPU.Build.0 = Release|Any CPU
	EndGlobalSection
	GlobalSection(SolutionProperties) = preSolution
		HideSolutionNode = FALSE
	EndGlobalSection
	GlobalSection(ExtensibilityGlobals) = postSolution
		SolutionGuid = {7B050A8C-12F5-4EE0-B89D-AE04C5C7254A}
	EndGlobalSection
EndGlobal
